
Microsoft Visual Studio Solution File, Format Version 12.00
# Visual Studio Version 16
VisualStudioVersion = 16.0.30011.22
MinimumVisualStudioVersion = 10.0.40219.1
Project("{FAE04EC0-301F-11D3-BF4B-00C04F79EFBC}") = "WebApp", "WebApp\WebApp.csproj", "{8F8583C4-5012-4293-BB51-40635628688B}"
EndProject
Global
	GlobalSection(SolutionConfigurationPlatforms) = preSolution
		Debug|Any CPU = Debug|Any CPU
		Release|Any CPU = Release|Any CPU
	EndGlobalSection
	GlobalSection(ProjectConfigurationPlatforms) = postSolution
		{8F8583C4-5012-4293-BB51-40635628688B}.Debug|Any CPU.ActiveCfg = Debug|Any CPU
		{8F8583C4-5012-4293-BB51-40635628688B}.Debug|Any CPU.Build.0 = Debug|Any CPU
		{8F8583C4-5012-4293-BB51-40635628688B}.Release|Any CPU.ActiveCfg = Release|Any CPU
		{8F8583C4-5012-4293-BB51-40635628688B}.Release|Any CPU.Build.0 = Release|Any CPU
	EndGlobalSection
	GlobalSection(SolutionProperties) = preSolution
		HideSolutionNode = FALSE
	EndGlobalSection
	GlobalSection(ExtensibilityGlobals) = postSolution
		SolutionGuid = {3DE64660-FFB8-4604-934C-BF4F5DC6AD7F}
	EndGlobalSection
EndGlobal
